# This file is automatically @generated by Cargo.
# It is not intended for manual editing.
version = 4

[[package]]
name = "ahash"
version = "0.8.12"
source = "registry+https://github.com/rust-lang/crates.io-index"
checksum = "5a15f179cd60c4584b8a8c596927aadc462e27f2ca70c04e0071964a73ba7a75"
dependencies = [
 "cfg-if",
 "once_cell",
 "version_check",
 "zerocopy",
]

[[package]]
name = "anyhow"
version = "1.0.104"
source = "registry+https://github.com/rust-lang/crates.io-index"
checksum = "330a5ed07fa54e4702c9d6c4174f74427fc0ef6e214bbd677ae50a5099946470"

[[package]]
name = "bitflags"
version = "2.13.1"
source = "registry+https://github.com/rust-lang/crates.io-index"
checksum = "b588b76d00fde79687d7646a9b5bdf3cc0f655e0bbd080335a95d7e96f3587da"

[[package]]
name = "cfg-if"
version = "1.0.4"
source = "registry+https://github.com/rust-lang/crates.io-index"
checksum = "9330f8b2ff13f34540b44e946ef35111825727b38d33286ef986142615121801"

[[package]]
name = "equivalent"
version = "1.0.2"
source = "registry+https://github.com/rust-lang/crates.io-index"
checksum = "877a4ace8713b0bcf2a4e7eec82529c029f1d0619886d18145fea96c3ffe5c0f"

[[package]]
name = "hashbrown"
version = "0.14.5"
source = "registry+https://github.com/rust-lang/crates.io-index"
checksum = "e5274423e17b7c9fc20b6e7e208532f9b19825d82dfd615708b70edd83df41f1"
dependencies = [
 "ahash",
]

[[package]]
name = "hashbrown"
version = "0.17.1"
source = "registry+https://github.com/rust-lang/crates.io-index"
checksum = "ed5909b6e89a2db4456e54cd5f673791d7eca6732202bbf2a9cc504fe2f9b84a"

[[package]]
name = "heck"
version = "0.5.0"
source = "registry+https://github.com/rust-lang/crates.io-index"
checksum = "2304e00983f87ffb38b55b444b5e3b60a884b5d30c0fca7d82fe33449bbe55ea"

[[package]]
name = "id-arena"
version = "2.3.0"
source = "registry+https://github.com/rust-lang/crates.io-index"
checksum = "3d3067d79b975e8844ca9eb072e16b31c3c1c36928edf9c6789548c524d0d954"

[[package]]
name = "indexmap"
version = "2.14.1"
source = "registry+https://github.com/rust-lang/crates.io-index"
checksum = "07aa2048142242915a31d35844fb311e0e53fcca590c3a0a40dcf1b841fa09eb"
dependencies = [
 "equivalent",
 "hashbrown 0.17.1",
 "serde",
 "serde_core",
]

[[package]]
name = "itoa"
version = "1.0.18"
source = "registry+https://github.com/rust-lang/crates.io-index"
checksum = "8f42a60cbdf9a97f5d2305f08a87dc4e09308d1276d28c869c684d7777685682"

[[package]]
name = "leb128"
version = "0.2.7"
source = "registry+https://github.com/rust-lang/crates.io-index"
checksum = "c83bff1d572d6b9aeef67ddfc8448e4a3737909cb28e81f97c791b9018703e52"

[[package]]
name = "log"
version = "0.4.34"
source = "registry+https://github.com/rust-lang/crates.io-index"
checksum = "f9f8bd3e56ce4dfc153cf470fffbfa98c7620958b312ca5c3a4b8d5181fd13c6"

[[package]]
name = "memchr"
version = "2.8.3"
source = "registry+https://github.com/rust-lang/crates.io-index"
checksum = "cf8baf1c55e62ffcace7a9f06f4bd9cd3f0c4beb022d3b367256b91b87513d98"

[[package]]
name = "once_cell"
version = "1.21.4"
source = "registry+https://github.com/rust-lang/crates.io-index"
checksum = "9f7c3e4beb33f85d45ae3e3a1792185706c8e16d043238c593331cc7cd313b50"

[[package]]
name = "prettyplease"
version = "0.2.37"
source = "registry+https://github.com/rust-lang/crates.io-index"
checksum = "479ca8adacdd7ce8f1fb39ce9ecccbfe93a3f1344b3d0d97f20bc0196208f62b"
dependencies = [
 "proc-macro2",
 "syn 2.0.119",
]

[[package]]
name = "proc-macro2"
version = "1.0.107"
source = "registry+https://github.com/rust-lang/crates.io-index"
checksum = "985e7ec9bb745e6ce6535b544d84d6cd6f7ad8bd711c398938ae983b91a766d9"
dependencies = [
 "unicode-ident",
]

[[package]]
name = "quote"
version = "1.0.47"
source = "registry+https://github.com/rust-lang/crates.io-index"
checksum = "1fbf4db142a473a8d80c26bbf18454ed458bf8d26c8219c331daecfdbd079001"
dependencies = [
 "proc-macro2",
]

[[package]]
name = "semver"
version = "1.0.28"
source = "registry+https://github.com/rust-lang/crates.io-index"
checksum = "8a7852d02fc848982e0c167ef163aaff9cd91dc640ba85e263cb1ce46fae51cd"

[[package]]
name = "serde"
version = "1.0.229"
source = "registry+https://github.com/rust-lang/crates.io-index"
checksum = "4148590afebada386688f18773da617792bf2ef03ffc1e4cbd2b1d45b023e0ba"
dependencies = [
 "serde_core",
]

[[package]]
name = "serde_core"
version = "1.0.229"
source = "registry+https://github.com/rust-lang/crates.io-index"
checksum = "67dca2c9c51e58a4791a4b1ed58308b39c64224d349a935ab5039aa360942a48"
dependencies = [
 "serde_derive",
]

[[package]]
name = "serde_derive"
version = "1.0.229"
source = "registry+https://github.com/rust-lang/crates.io-index"
checksum = "e7a5d71263a5a7d47b41f6b3f06ba276f10cc18b0931f1799f710578e2309348"
dependencies = [
 "proc-macro2",
 "quote",
 "syn 3.0.4",
]

[[package]]
name = "serde_json"
version = "1.0.151"
source = "registry+https://github.com/rust-lang/crates.io-index"
checksum = "c841b55ecdae098c80dcae9cf767f6f8a0c2cdb3416bbef72181df4d0fe73f14"
dependencies = [
 "itoa",
 "memchr",
 "serde",
 "serde_core",
 "zmij",
]

[[package]]
name = "smallvec"
version = "1.15.2"
source = "registry+https://github.com/rust-lang/crates.io-index"
checksum = "8ed6a63f02c8539c91a8685a86f4099661ba3da017932f6ebbea6de3f0fa7c90"

[[package]]
name = "spdx"
version = "0.10.9"
source = "registry+https://github.com/rust-lang/crates.io-index"
checksum = "c3e17e880bafaeb362a7b751ec46bdc5b61445a188f80e0606e68167cd540fa3"
dependencies = [
 "smallvec",
]

[[package]]
name = "syn"
version = "2.0.119"
source = "registry+https://github.com/rust-lang/crates.io-index"
checksum = "872831b642d1a07999a962a351ed35b955ea2cfc8f3862091e2a240a84f17297"
dependencies = [
 "proc-macro2",
 "quote",
 "unicode-ident",
]

[[package]]
name = "syn"
version = "3.0.4"
source = "registry+https://github.com/rust-lang/crates.io-index"
checksum = "e6275cddf4610d1775e6d1fe9469b2e77d0f39fd98fb7450901b821e0c53649f"
dependencies = [
 "proc-macro2",
 "quote",
 "unicode-ident",
]

[[package]]
name = "unicode-ident"
version = "1.0.24"
source = "registry+https://github.com/rust-lang/crates.io-index"
checksum = "e6e4313cd5fcd3dad5cafa179702e2b244f760991f45397d14d4ebf38247da75"

[[package]]
name = "unicode-xid"
version = "0.2.6"
source = "registry+https://github.com/rust-lang/crates.io-index"
checksum = "ebc1c04c71510c7f702b52b7c350734c9ff1295c464a03335b00bb84fc54f853"

[[package]]
name = "version_check"
version = "0.9.5"
source = "registry+https://github.com/rust-lang/crates.io-index"
checksum = "0b928f33d975fc6ad9f86c8f283853ad26bdd5b10b7f1542aa2fa15e2289105a"

[[package]]
name = "vyasa-plugin-footer-note"
version = "0.1.0"
dependencies = [
 "serde_json",
 "wit-bindgen",
]

[[package]]
name = "wasm-encoder"
version = "0.215.0"
source = "registry+https://github.com/rust-lang/crates.io-index"
checksum = "4fb56df3e06b8e6b77e37d2969a50ba51281029a9aeb3855e76b7f49b6418847"
dependencies = [
 "leb128",
 "wasmparser",
]

[[package]]
name = "wasm-metadata"
version = "0.215.0"
source = "registry+https://github.com/rust-lang/crates.io-index"
checksum = "0c6bb07c5576b608f7a2a9baa2294c1a3584a249965d695a9814a496cb6d232f"
dependencies = [
 "anyhow",
 "indexmap",
 "serde",
 "serde_derive",
 "serde_json",
 "spdx",
 "wasm-encoder",
 "wasmparser",
]

[[package]]
name = "wasmparser"
version = "0.215.0"
source = "registry+https://github.com/rust-lang/crates.io-index"
checksum = "53fbde0881f24199b81cf49b6ff8f9c145ac8eb1b7fc439adb5c099734f7d90e"
dependencies = [
 "ahash",
 "bitflags",
 "hashbrown 0.14.5",
 "indexmap",
 "semver",
]

[[package]]
name = "wit-bindgen"
version = "0.30.0"
source = "registry+https://github.com/rust-lang/crates.io-index"
checksum = "7b4bac478334a647374ff24a74b66737a4cb586dc8288bc3080a93252cd1105c"
dependencies = [
 "wit-bindgen-rt",
 "wit-bindgen-rust-macro",
]

[[package]]
name = "wit-bindgen-core"
version = "0.30.0"
source = "registry+https://github.com/rust-lang/crates.io-index"
checksum = "bb7e3df01cd43cfa1cb52602e4fc05cb2b62217655f6705639b6953eb0a3fed2"
dependencies = [
 "anyhow",
 "heck",
 "wit-parser",
]

[[package]]
name = "wit-bindgen-rt"
version = "0.30.0"
source = "registry+https://github.com/rust-lang/crates.io-index"
checksum = "b2de7a3b06b9725d129b5cbd1beca968feed919c433305a23da46843185ecdd6"
dependencies = [
 "bitflags",
]

[[package]]
name = "wit-bindgen-rust"
version = "0.30.0"
source = "registry+https://github.com/rust-lang/crates.io-index"
checksum = "61a767d1a8eb4e908bfc53febc48b87ada545703b16fe0148ee7736a29a01417"
dependencies = [
 "anyhow",
 "heck",
 "indexmap",
 "prettyplease",
 "syn 2.0.119",
 "wasm-metadata",
 "wit-bindgen-core",
 "wit-component",
]

[[package]]
name = "wit-bindgen-rust-macro"
version = "0.30.0"
source = "registry+https://github.com/rust-lang/crates.io-index"
checksum = "9b185c342d0d27bd83d4080f5a66cf3b4f247fa49d679bceb66e11cc7eb58b99"
dependencies = [
 "anyhow",
 "prettyplease",
 "proc-macro2",
 "quote",
 "syn 2.0.119",
 "wit-bindgen-core",
 "wit-bindgen-rust",
]

[[package]]
name = "wit-component"
version = "0.215.0"
source = "registry+https://github.com/rust-lang/crates.io-index"
checksum = "f725e3885fc5890648be5c5cbc1353b755dc932aa5f1aa7de968b912a3280743"
dependencies = [
 "anyhow",
 "bitflags",
 "indexmap",
 "log",
 "serde",
 "serde_derive",
 "serde_json",
 "wasm-encoder",
 "wasm-metadata",
 "wasmparser",
 "wit-parser",
]

[[package]]
name = "wit-parser"
version = "0.215.0"
source = "registry+https://github.com/rust-lang/crates.io-index"
checksum = "935a97eaffd57c3b413aa510f8f0b550a4a9fe7d59e79cd8b89a83dcb860321f"
dependencies = [
 "anyhow",
 "id-arena",
 "indexmap",
 "log",
 "semver",
 "serde",
 "serde_derive",
 "serde_json",
 "unicode-xid",
 "wasmparser",
]

[[package]]
name = "zerocopy"
version = "0.8.56"
source = "registry+https://github.com/rust-lang/crates.io-index"
checksum = "556764e583adb45a9f8d413c2a147fa7e8d821e48e12b14fd560b607998b75eb"
dependencies = [
 "zerocopy-derive",
]

[[package]]
name = "zerocopy-derive"
version = "0.8.56"
source = "registry+https://github.com/rust-lang/crates.io-index"
checksum = "f2ab42fc20575779bd240faa45f94a74256f755c0fa9e89f0ede20d91d0cdfc1"
dependencies = [
 "proc-macro2",
 "quote",
 "syn 2.0.119",
]

[[package]]
name = "zmij"
version = "1.0.23"
source = "registry+https://github.com/rust-lang/crates.io-index"
checksum = "29666d0abbfad1e3dc4dcf6144730dd3a3ab225bbbdac83319345b1b44ccfc1b"
